// !$*UTF8*$!
{
	archiveVersion = 1;
	classes = {
	};
	objectVersion = 50;
	objects = {

/* Begin PBXBuildFile section */
		47245845218F2F8400D4B6E7 /* UserTableViewCell.swift in Sources */ = {isa = PBXBuildFile; fileRef = 47245844218F2F8400D4B6E7 /* UserTableViewCell.swift */; };
		47245848218F357C00D4B6E7 /* UsersTableViewController.swift in Sources */ = {isa = PBXBuildFile; fileRef = 47245847218F357C00D4B6E7 /* UsersTableViewController.swift */; };
		4724584A218F3EF400D4B6E7 /* ChatsViewController.swift in Sources */ = {isa = PBXBuildFile; fileRef = 47245849218F3EF400D4B6E7 /* ChatsViewController.swift */; };
		472526B9219C64CC0093A92E /* OutgoingMessages.swift in Sources */ = {isa = PBXBuildFile; fileRef = 472526B8219C64CC0093A92E /* OutgoingMessages.swift */; };
		472526BB219C6CE50093A92E /* IncomingMessage.swift in Sources */ = {isa = PBXBuildFile; fileRef = 472526BA219C6CE50093A92E /* IncomingMessage.swift */; };
		472DD66121A44EE40020F453 /* Camera.swift in Sources */ = {isa = PBXBuildFile; fileRef = 472DD66021A44EE40020F453 /* Camera.swift */; };
		472DD66321A4532D0020F453 /* Download.swift in Sources */ = {isa = PBXBuildFile; fileRef = 472DD66221A4532D0020F453 /* Download.swift */; };
		472DD66521A45F4D0020F453 /* PhotoMediaItem.swift in Sources */ = {isa = PBXBuildFile; fileRef = 472DD66421A45F4D0020F453 /* PhotoMediaItem.swift */; };
		47516F5321874B32007C1979 /* GoogleService-Info.plist in Resources */ = {isa = PBXBuildFile; fileRef = 47516F5221874B32007C1979 /* GoogleService-Info.plist */; };
		47516F55218753A5007C1979 /* FUser.swift in Sources */ = {isa = PBXBuildFile; fileRef = 47516F54218753A5007C1979 /* FUser.swift */; };
		47516F57218753BF007C1979 /* Constants.swift in Sources */ = {isa = PBXBuildFile; fileRef = 47516F56218753BF007C1979 /* Constants.swift */; };
		47516F592187557B007C1979 /* HelperFunctions.swift in Sources */ = {isa = PBXBuildFile; fileRef = 47516F582187557B007C1979 /* HelperFunctions.swift */; };
		47516F5B2187559A007C1979 /* FCollectionReference.swift in Sources */ = {isa = PBXBuildFile; fileRef = 47516F5A2187559A007C1979 /* FCollectionReference.swift */; };
		47516F5D2188980F007C1979 /* FinishRegistrationViewController.swift in Sources */ = {isa = PBXBuildFile; fileRef = 47516F5C2188980F007C1979 /* FinishRegistrationViewController.swift */; };
		47583E58219B0EBA008DBD05 /* ChatViewController.swift in Sources */ = {isa = PBXBuildFile; fileRef = 47583E57219B0EBA008DBD05 /* ChatViewController.swift */; };
		47D3665A2191DC2C00E61068 /* Recent.swift in Sources */ = {isa = PBXBuildFile; fileRef = 47D366592191DC2C00E61068 /* Recent.swift */; };
		47E3BDDA219085CA00F989AE /* ProfileTableViewController.swift in Sources */ = {isa = PBXBuildFile; fileRef = 47E3BDD9219085CA00F989AE /* ProfileTableViewController.swift */; };
		47EDA7C5219670B500024E5C /* RecentChatsTableViewCell.swift in Sources */ = {isa = PBXBuildFile; fileRef = 47EDA7C4219670B500024E5C /* RecentChatsTableViewCell.swift */; };
		47F09B982186028F009FB46E /* AppDelegate.swift in Sources */ = {isa = PBXBuildFile; fileRef = 47F09B972186028F009FB46E /* AppDelegate.swift */; };
		47F09B9D2186028F009FB46E /* Main.storyboard in Resources */ = {isa = PBXBuildFile; fileRef = 47F09B9B2186028F009FB46E /* Main.storyboard */; };
		47F09B9F21860290009FB46E /* Assets.xcassets in Resources */ = {isa = PBXBuildFile; fileRef = 47F09B9E21860290009FB46E /* Assets.xcassets */; };
		47F09BA221860290009FB46E /* LaunchScreen.storyboard in Resources */ = {isa = PBXBuildFile; fileRef = 47F09BA021860290009FB46E /* LaunchScreen.storyboard */; };
		47F09BAA218608B2009FB46E /* WelcomeViewController.swift in Sources */ = {isa = PBXBuildFile; fileRef = 47F09BA9218608B2009FB46E /* WelcomeViewController.swift */; };
		47F5D62D218B4B6A002D0ABD /* SettingsTableViewController.swift in Sources */ = {isa = PBXBuildFile; fileRef = 47F5D62C218B4B6A002D0ABD /* SettingsTableViewController.swift */; };
		8C97BD302B1910B29F788365 /* Pods_WeiChat.framework in Frameworks */ = {isa = PBXBuildFile; fileRef = 13FF1467B1EFBFBD2964A707 /* Pods_WeiChat.framework */; };
/* End PBXBuildFile section */

/* Begin PBXFileReference section */
		13FF1467B1EFBFBD2964A707 /* Pods_WeiChat.framework */ = {isa = PBXFileReference; explicitFileType = wrapper.framework; includeInIndex = 0; path = Pods_WeiChat.framework; sourceTree = BUILT_PRODUCTS_DIR; };
		47245844218F2F8400D4B6E7 /* UserTableViewCell.swift */ = {isa = PBXFileReference; lastKnownFileType = sourcecode.swift; path = UserTableViewCell.swift; sourceTree = "<group>"; };
		47245847218F357C00D4B6E7 /* UsersTableViewController.swift */ = {isa = PBXFileReference; lastKnownFileType = sourcecode.swift; path = UsersTableViewController.swift; sourceTree = "<group>"; };
		47245849218F3EF400D4B6E7 /* ChatsViewController.swift */ = {isa = PBXFileReference; lastKnownFileType = sourcecode.swift; path = ChatsViewController.swift; sourceTree = "<group>"; };
		472526B8219C64CC0093A92E /* OutgoingMessages.swift */ = {isa = PBXFileReference; lastKnownFileType = sourcecode.swift; path = OutgoingMessages.swift; sourceTree = "<group>"; };
		472526BA219C6CE50093A92E /* IncomingMessage.swift */ = {isa = PBXFileReference; lastKnownFileType = sourcecode.swift; path = IncomingMessage.swift; sourceTree = "<group>"; };
		472DD66021A44EE40020F453 /* Camera.swift */ = {isa = PBXFileReference; fileEncoding = 4; lastKnownFileType = sourcecode.swift; path = Camera.swift; sourceTree = "<group>"; };
		472DD66221A4532D0020F453 /* Download.swift */ = {isa = PBXFileReference; lastKnownFileType = sourcecode.swift; path = Download.swift; sourceTree = "<group>"; };
		472DD66421A45F4D0020F453 /* PhotoMediaItem.swift */ = {isa = PBXFileReference; lastKnownFileType = sourcecode.swift; path = PhotoMediaItem.swift; sourceTree = "<group>"; };
		47516F5221874B32007C1979 /* GoogleService-Info.plist */ = {isa = PBXFileReference; fileEncoding = 4; lastKnownFileType = text.plist.xml; path = "GoogleService-Info.plist"; sourceTree = "<group>"; };
		47516F54218753A5007C1979 /* FUser.swift */ = {isa = PBXFileReference; fileEncoding = 4; lastKnownFileType = sourcecode.swift; path = FUser.swift; sourceTree = "<group>"; };
		47516F56218753BF007C1979 /* Constants.swift */ = {isa = PBXFileReference; fileEncoding = 4; lastKnownFileType = sourcecode.swift; path = Constants.swift; sourceTree = "<group>"; };
		47516F582187557B007C1979 /* HelperFunctions.swift */ = {isa = PBXFileReference; fileEncoding = 4; lastKnownFileType = sourcecode.swift; path = HelperFunctions.swift; sourceTree = "<group>"; };
		47516F5A2187559A007C1979 /* FCollectionReference.swift */ = {isa = PBXFileReference; fileEncoding = 4; lastKnownFileType = sourcecode.swift; path = FCollectionReference.swift; sourceTree = "<group>"; };
		47516F5C2188980F007C1979 /* FinishRegistrationViewController.swift */ = {isa = PBXFileReference; lastKnownFileType = sourcecode.swift; path = FinishRegistrationViewController.swift; sourceTree = "<group>"; };
		47583E57219B0EBA008DBD05 /* ChatViewController.swift */ = {isa = PBXFileReference; lastKnownFileType = sourcecode.swift; path = ChatViewController.swift; sourceTree = "<group>"; };
		47D366592191DC2C00E61068 /* Recent.swift */ = {isa = PBXFileReference; lastKnownFileType = sourcecode.swift; path = Recent.swift; sourceTree = "<group>"; };
		47E3BDD9219085CA00F989AE /* ProfileTableViewController.swift */ = {isa = PBXFileReference; lastKnownFileType = sourcecode.swift; path = ProfileTableViewController.swift; sourceTree = "<group>"; };
		47EDA7C4219670B500024E5C /* RecentChatsTableViewCell.swift */ = {isa = PBXFileReference; lastKnownFileType = sourcecode.swift; path = RecentChatsTableViewCell.swift; sourceTree = "<group>"; };
		47F09B942186028F009FB46E /* WeiChat.app */ = {isa = PBXFileReference; explicitFileType = wrapper.application; includeInIndex = 0; path = WeiChat.app; sourceTree = BUILT_PRODUCTS_DIR; };
		47F09B972186028F009FB46E /* AppDelegate.swift */ = {isa = PBXFileReference; lastKnownFileType = sourcecode.swift; path = AppDelegate.swift; sourceTree = "<group>"; };
		47F09B9C2186028F009FB46E /* Base */ = {isa = PBXFileReference; lastKnownFileType = file.storyboard; name = Base; path = Base.lproj/Main.storyboard; sourceTree = "<group>"; };
		47F09B9E21860290009FB46E /* Assets.xcassets */ = {isa = PBXFileReference; lastKnownFileType = folder.assetcatalog; path = Assets.xcassets; sourceTree = "<group>"; };
		47F09BA121860290009FB46E /* Base */ = {isa = PBXFileReference; lastKnownFileType = file.storyboard; name = Base; path = Base.lproj/LaunchScreen.storyboard; sourceTree = "<group>"; };
		47F09BA321860290009FB46E /* Info.plist */ = {isa = PBXFileReference; lastKnownFileType = text.plist.xml; path = Info.plist; sourceTree = "<group>"; };
		47F09BA9218608B2009FB46E /* WelcomeViewController.swift */ = {isa = PBXFileReference; lastKnownFileType = sourcecode.swift; path = WelcomeViewController.swift; sourceTree = "<group>"; };
		47F5D62C218B4B6A002D0ABD /* SettingsTableViewController.swift */ = {isa = PBXFileReference; lastKnownFileType = sourcecode.swift; path = SettingsTableViewController.swift; sourceTree = "<group>"; };
		655DCCF20F6E73CF3B9AA3B6 /* Pods-WeiChat.release.xcconfig */ = {isa = PBXFileReference; includeInIndex = 1; lastKnownFileType = text.xcconfig; name = "Pods-WeiChat.release.xcconfig"; path = "Pods/Target Support Files/Pods-WeiChat/Pods-WeiChat.release.xcconfig"; sourceTree = "<group>"; };
		CAF6DA30D5EAC3BD9F12B89E /* Pods-WeiChat.debug.xcconfig */ = {isa = PBXFileReference; includeInIndex = 1; lastKnownFileType = text.xcconfig; name = "Pods-WeiChat.debug.xcconfig"; path = "Pods/Target Support Files/Pods-WeiChat/Pods-WeiChat.debug.xcconfig"; sourceTree = "<group>"; };
/* End PBXFileReference section */

/* Begin PBXFrameworksBuildPhase section */
		47F09B912186028F009FB46E /* Frameworks */ = {
			isa = PBXFrameworksBuildPhase;
			buildActionMask = 2147483647;
			files = (
				8C97BD302B1910B29F788365 /* Pods_WeiChat.framework in Frameworks */,
			);
			runOnlyForDeploymentPostprocessing = 0;
		};
/* End PBXFrameworksBuildPhase section */

/* Begin PBXGroup section */
		4718AEFB915BB8B9172FDF46 /* Frameworks */ = {
			isa = PBXGroup;
			children = (
				13FF1467B1EFBFBD2964A707 /* Pods_WeiChat.framework */,
			);
			name = Frameworks;
			sourceTree = "<group>";
		};
		47245846218F355400D4B6E7 /* CustomCells */ = {
			isa = PBXGroup;
			children = (
				47245844218F2F8400D4B6E7 /* UserTableViewCell.swift */,
				47EDA7C4219670B500024E5C /* RecentChatsTableViewCell.swift */,
			);
			path = CustomCells;
			sourceTree = "<group>";
		};
		47516F5E2188982D007C1979 /* Helpers */ = {
			isa = PBXGroup;
			children = (
				47516F56218753BF007C1979 /* Constants.swift */,
				47516F582187557B007C1979 /* HelperFunctions.swift */,
				47516F5A2187559A007C1979 /* FCollectionReference.swift */,
			);
			path = Helpers;
			sourceTree = "<group>";
		};
		47516F5F21889839007C1979 /* Classes */ = {
			isa = PBXGroup;
			children = (
				472DD66021A44EE40020F453 /* Camera.swift */,
				47516F54218753A5007C1979 /* FUser.swift */,
				47D366592191DC2C00E61068 /* Recent.swift */,
				472526B8219C64CC0093A92E /* OutgoingMessages.swift */,
				472526BA219C6CE50093A92E /* IncomingMessage.swift */,
				472DD66221A4532D0020F453 /* Download.swift */,
				472DD66421A45F4D0020F453 /* PhotoMediaItem.swift */,
			);
			path = Classes;
			sourceTree = "<group>";
		};
		47E3BDDB2190907200F989AE /* WelcomeViews */ = {
			isa = PBXGroup;
			children = (
				47F09BA9218608B2009FB46E /* WelcomeViewController.swift */,
				47516F5C2188980F007C1979 /* FinishRegistrationViewController.swift */,
			);
			path = WelcomeViews;
			sourceTree = "<group>";
		};
		47E3BDDC2190908F00F989AE /* MainViews */ = {
			isa = PBXGroup;
			children = (
				47245849218F3EF400D4B6E7 /* ChatsViewController.swift */,
				47F5D62C218B4B6A002D0ABD /* SettingsTableViewController.swift */,
			);
			path = MainViews;
			sourceTree = "<group>";
		};
		47E3BDDD219090A100F989AE /* SecondaryViews */ = {
			isa = PBXGroup;
			children = (
				47245847218F357C00D4B6E7 /* UsersTableViewController.swift */,
				47E3BDD9219085CA00F989AE /* ProfileTableViewController.swift */,
				47583E57219B0EBA008DBD05 /* ChatViewController.swift */,
			);
			path = SecondaryViews;
			sourceTree = "<group>";
		};
		47F09B8B2186028F009FB46E = {
			isa = PBXGroup;
			children = (
				47F09B962186028F009FB46E /* WeiChat */,
				47F09B952186028F009FB46E /* Products */,
				9AEFC6D585471143854998DF /* Pods */,
				4718AEFB915BB8B9172FDF46 /* Frameworks */,
			);
			sourceTree = "<group>";
		};
		47F09B952186028F009FB46E /* Products */ = {
			isa = PBXGroup;
			children = (
				47F09B942186028F009FB46E /* WeiChat.app */,
			);
			name = Products;
			sourceTree = "<group>";
		};
		47F09B962186028F009FB46E /* WeiChat */ = {
			isa = PBXGroup;
			children = (
				47F09B972186028F009FB46E /* AppDelegate.swift */,
				47E3BDDB2190907200F989AE /* WelcomeViews */,
				47E3BDDC2190908F00F989AE /* MainViews */,
				47E3BDDD219090A100F989AE /* SecondaryViews */,
				47F09B9B2186028F009FB46E /* Main.storyboard */,
				47F09B9E21860290009FB46E /* Assets.xcassets */,
				47F09BA021860290009FB46E /* LaunchScreen.storyboard */,
				47245846218F355400D4B6E7 /* CustomCells */,
				47516F5F21889839007C1979 /* Classes */,
				47516F5E2188982D007C1979 /* Helpers */,
				47F09BA321860290009FB46E /* Info.plist */,
				47516F5221874B32007C1979 /* GoogleService-Info.plist */,
			);
			path = WeiChat;
			sourceTree = "<group>";
		};
		9AEFC6D585471143854998DF /* Pods */ = {
			isa = PBXGroup;
			children = (
				CAF6DA30D5EAC3BD9F12B89E /* Pods-WeiChat.debug.xcconfig */,
				655DCCF20F6E73CF3B9AA3B6 /* Pods-WeiChat.release.xcconfig */,
			);
			name = Pods;
			sourceTree = "<group>";
		};
/* End PBXGroup section */

/* Begin PBXNativeTarget section */
		47F09B932186028F009FB46E /* WeiChat */ = {
			isa = PBXNativeTarget;
			buildConfigurationList = 47F09BA621860290009FB46E /* Build configuration list for PBXNativeTarget "WeiChat" */;
			buildPhases = (
				7987EF55A27C55285B415EFF /* [CP] Check Pods Manifest.lock */,
				47F09B902186028F009FB46E /* Sources */,
				47F09B912186028F009FB46E /* Frameworks */,
				47F09B922186028F009FB46E /* Resources */,
				C8A1F781945B2B9FAED06455 /* [CP] Embed Pods Frameworks */,
			);
			buildRules = (
			);
			dependencies = (
			);
			name = WeiChat;
			productName = WeiChat;
			productReference = 47F09B942186028F009FB46E /* WeiChat.app */;
			productType = "com.apple.product-type.application";
		};
/* End PBXNativeTarget section */

/* Begin PBXProject section */
		47F09B8C2186028F009FB46E /* Project object */ = {
			isa = PBXProject;
			attributes = {
				LastSwiftUpdateCheck = 1000;
				LastUpgradeCheck = 1000;
				ORGANIZATIONNAME = "刘铭";
				TargetAttributes = {
					47F09B932186028F009FB46E = {
						CreatedOnToolsVersion = 10.0;
					};
				};
			};
			buildConfigurationList = 47F09B8F2186028F009FB46E /* Build configuration list for PBXProject "WeiChat" */;
			compatibilityVersion = "Xcode 9.3";
			developmentRegion = en;
			hasScannedForEncodings = 0;
			knownRegions = (
				en,
				Base,
			);
			mainGroup = 47F09B8B2186028F009FB46E;
			productRefGroup = 47F09B952186028F009FB46E /* Products */;
			projectDirPath = "";
			projectRoot = "";
			targets = (
				47F09B932186028F009FB46E /* WeiChat */,
			);
		};
/* End PBXProject section */

/* Begin PBXResourcesBuildPhase section */
		47F09B922186028F009FB46E /* Resources */ = {
			isa = PBXResourcesBuildPhase;
			buildActionMask = 2147483647;
			files = (
				47F09BA221860290009FB46E /* LaunchScreen.storyboard in Resources */,
				47516F5321874B32007C1979 /* GoogleService-Info.plist in Resources */,
				47F09B9F21860290009FB46E /* Assets.xcassets in Resources */,
				47F09B9D2186028F009FB46E /* Main.storyboard in Resources */,
			);
			runOnlyForDeploymentPostprocessing = 0;
		};
/* End PBXResourcesBuildPhase section */

/* Begin PBXShellScriptBuildPhase section */
		7987EF55A27C55285B415EFF /* [CP] Check Pods Manifest.lock */ = {
			isa = PBXShellScriptBuildPhase;
			buildActionMask = 2147483647;
			files = (
			);
			inputPaths = (
				"${PODS_PODFILE_DIR_PATH}/Podfile.lock",
				"${PODS_ROOT}/Manifest.lock",
			);
			name = "[CP] Check Pods Manifest.lock";
			outputPaths = (
				"$(DERIVED_FILE_DIR)/Pods-WeiChat-checkManifestLockResult.txt",
			);
			runOnlyForDeploymentPostprocessing = 0;
			shellPath = /bin/sh;
			shellScript = "diff \"${PODS_PODFILE_DIR_PATH}/Podfile.lock\" \"${PODS_ROOT}/Manifest.lock\" > /dev/null\nif [ $? != 0 ] ; then\n    # print error to STDERR\n    echo \"error: The sandbox is not in sync with the Podfile.lock. Run 'pod install' or update your CocoaPods installation.\" >&2\n    exit 1\nfi\n# This output is used by Xcode 'outputs' to avoid re-running this script phase.\necho \"SUCCESS\" > \"${SCRIPT_OUTPUT_FILE_0}\"\n";
			showEnvVarsInLog = 0;
		};
		C8A1F781945B2B9FAED06455 /* [CP] Embed Pods Frameworks */ = {
			isa = PBXShellScriptBuildPhase;
			buildActionMask = 2147483647;
			files = (
			);
			inputPaths = (
				"${SRCROOT}/Pods/Target Support Files/Pods-WeiChat/Pods-WeiChat-frameworks.sh",
				"${BUILT_PRODUCTS_DIR}/BoringSSL/openssl.framework",
				"${BUILT_PRODUCTS_DIR}/DACircularProgress/DACircularProgress.framework",
				"${BUILT_PRODUCTS_DIR}/GTMSessionFetcher/GTMSessionFetcher.framework",
				"${BUILT_PRODUCTS_DIR}/GoogleUtilities/GoogleUtilities.framework",
				"${BUILT_PRODUCTS_DIR}/IDMPhotoBrowser/IDMPhotoBrowser.framework",
				"${BUILT_PRODUCTS_DIR}/IQAudioRecorderController/IQAudioRecorderController.framework",
				"${BUILT_PRODUCTS_DIR}/JSQMessagesViewController/JSQMessagesViewController.framework",
				"${BUILT_PRODUCTS_DIR}/JSQSystemSoundPlayer/JSQSystemSoundPlayer.framework",
				"${BUILT_PRODUCTS_DIR}/MBProgressHUD/MBProgressHUD.framework",
				"${BUILT_PRODUCTS_DIR}/ProgressHUD/ProgressHUD.framework",
				"${BUILT_PRODUCTS_DIR}/Protobuf/Protobuf.framework",
				"${BUILT_PRODUCTS_DIR}/SCSiriWaveformView/SCSiriWaveformView.framework",
				"${BUILT_PRODUCTS_DIR}/SDWebImage/SDWebImage.framework",
				"${BUILT_PRODUCTS_DIR}/gRPC/GRPCClient.framework",
				"${BUILT_PRODUCTS_DIR}/gRPC-C++/grpcpp.framework",
				"${BUILT_PRODUCTS_DIR}/gRPC-Core/grpc.framework",
				"${BUILT_PRODUCTS_DIR}/gRPC-ProtoRPC/ProtoRPC.framework",
				"${BUILT_PRODUCTS_DIR}/gRPC-RxLibrary/RxLibrary.framework",
				"${BUILT_PRODUCTS_DIR}/leveldb-library/leveldb.framework",
				"${BUILT_PRODUCTS_DIR}/nanopb/nanopb.framework",
				"${BUILT_PRODUCTS_DIR}/pop/pop.framework",
			);
			name = "[CP] Embed Pods Frameworks";
			outputPaths = (
				"${TARGET_BUILD_DIR}/${FRAMEWORKS_FOLDER_PATH}/openssl.framework",
				"${TARGET_BUILD_DIR}/${FRAMEWORKS_FOLDER_PATH}/DACircularProgress.framework",
				"${TARGET_BUILD_DIR}/${FRAMEWORKS_FOLDER_PATH}/GTMSessionFetcher.framework",
				"${TARGET_BUILD_DIR}/${FRAMEWORKS_FOLDER_PATH}/GoogleUtilities.framework",
				"${TARGET_BUILD_DIR}/${FRAMEWORKS_FOLDER_PATH}/IDMPhotoBrowser.framework",
				"${TARGET_BUILD_DIR}/${FRAMEWORKS_FOLDER_PATH}/IQAudioRecorderController.framework",
				"${TARGET_BUILD_DIR}/${FRAMEWORKS_FOLDER_PATH}/JSQMessagesViewController.framework",
				"${TARGET_BUILD_DIR}/${FRAMEWORKS_FOLDER_PATH}/JSQSystemSoundPlayer.framework",
				"${TARGET_BUILD_DIR}/${FRAMEWORKS_FOLDER_PATH}/MBProgressHUD.framework",
				"${TARGET_BUILD_DIR}/${FRAMEWORKS_FOLDER_PATH}/ProgressHUD.framework",
				"${TARGET_BUILD_DIR}/${FRAMEWORKS_FOLDER_PATH}/Protobuf.framework",
				"${TARGET_BUILD_DIR}/${FRAMEWORKS_FOLDER_PATH}/SCSiriWaveformView.framework",
				"${TARGET_BUILD_DIR}/${FRAMEWORKS_FOLDER_PATH}/SDWebImage.framework",
				"${TARGET_BUILD_DIR}/${FRAMEWORKS_FOLDER_PATH}/GRPCClient.framework",
				"${TARGET_BUILD_DIR}/${FRAMEWORKS_FOLDER_PATH}/grpcpp.framework",
				"${TARGET_BUILD_DIR}/${FRAMEWORKS_FOLDER_PATH}/grpc.framework",
				"${TARGET_BUILD_DIR}/${FRAMEWORKS_FOLDER_PATH}/ProtoRPC.framework",
				"${TARGET_BUILD_DIR}/${FRAMEWORKS_FOLDER_PATH}/RxLibrary.framework",
				"${TARGET_BUILD_DIR}/${FRAMEWORKS_FOLDER_PATH}/leveldb.framework",
				"${TARGET_BUILD_DIR}/${FRAMEWORKS_FOLDER_PATH}/nanopb.framework",
				"${TARGET_BUILD_DIR}/${FRAMEWORKS_FOLDER_PATH}/pop.framework",
			);
			runOnlyForDeploymentPostprocessing = 0;
			shellPath = /bin/sh;
			shellScript = "\"${SRCROOT}/Pods/Target Support Files/Pods-WeiChat/Pods-WeiChat-frameworks.sh\"\n";
			showEnvVarsInLog = 0;
		};
/* End PBXShellScriptBuildPhase section */

/* Begin PBXSourcesBuildPhase section */
		47F09B902186028F009FB46E /* Sources */ = {
			isa = PBXSourcesBuildPhase;
			buildActionMask = 2147483647;
			files = (
				47EDA7C5219670B500024E5C /* RecentChatsTableViewCell.swift in Sources */,
				47516F5B2187559A007C1979 /* FCollectionReference.swift in Sources */,
				47D3665A2191DC2C00E61068 /* Recent.swift in Sources */,
				47245845218F2F8400D4B6E7 /* UserTableViewCell.swift in Sources */,
				472DD66521A45F4D0020F453 /* PhotoMediaItem.swift in Sources */,
				472526BB219C6CE50093A92E /* IncomingMessage.swift in Sources */,
				47516F592187557B007C1979 /* HelperFunctions.swift in Sources */,
				472526B9219C64CC0093A92E /* OutgoingMessages.swift in Sources */,
				47516F55218753A5007C1979 /* FUser.swift in Sources */,
				472DD66121A44EE40020F453 /* Camera.swift in Sources */,
				47F09B982186028F009FB46E /* AppDelegate.swift in Sources */,
				47F5D62D218B4B6A002D0ABD /* SettingsTableViewController.swift in Sources */,
				47E3BDDA219085CA00F989AE /* ProfileTableViewController.swift in Sources */,
				472DD66321A4532D0020F453 /* Download.swift in Sources */,
				4724584A218F3EF400D4B6E7 /* ChatsViewController.swift in Sources */,
				47F09BAA218608B2009FB46E /* WelcomeViewController.swift in Sources */,
				47516F5D2188980F007C1979 /* FinishRegistrationViewController.swift in Sources */,
				47245848218F357C00D4B6E7 /* UsersTableViewController.swift in Sources */,
				47583E58219B0EBA008DBD05 /* ChatViewController.swift in Sources */,
				47516F57218753BF007C1979 /* Constants.swift in Sources */,
			);
			runOnlyForDeploymentPostprocessing = 0;
		};
/* End PBXSourcesBuildPhase section */

/* Begin PBXVariantGroup section */
		47F09B9B2186028F009FB46E /* Main.storyboard */ = {
			isa = PBXVariantGroup;
			children = (
				47F09B9C2186028F009FB46E /* Base */,
			);
			name = Main.storyboard;
			sourceTree = "<group>";
		};
		47F09BA021860290009FB46E /* LaunchScreen.storyboard */ = {
			isa = PBXVariantGroup;
			children = (
				47F09BA121860290009FB46E /* Base */,
			);
			name = LaunchScreen.storyboard;
			sourceTree = "<group>";
		};
/* End PBXVariantGroup section */

/* Begin XCBuildConfiguration section */
		47F09BA421860290009FB46E /* Debug */ = {
			isa = XCBuildConfiguration;
			buildSettings = {
				ALWAYS_SEARCH_USER_PATHS = NO;
				CLANG_ANALYZER_NONNULL = YES;
				CLANG_ANALYZER_NUMBER_OBJECT_CONVERSION = YES_AGGRESSIVE;
				CLANG_CXX_LANGUAGE_STANDARD = "gnu++14";
				CLANG_CXX_LIBRARY = "libc++";
				CLANG_ENABLE_MODULES = YES;
				CLANG_ENABLE_OBJC_ARC = YES;
				CLANG_ENABLE_OBJC_WEAK = YES;
				CLANG_WARN_BLOCK_CAPTURE_AUTORELEASING = YES;
				CLANG_WARN_BOOL_CONVERSION = YES;
				CLANG_WARN_COMMA = YES;
				CLANG_WARN_CONSTANT_CONVERSION = YES;
				CLANG_WARN_DEPRECATED_OBJC_IMPLEMENTATIONS = YES;
				CLANG_WARN_DIRECT_OBJC_ISA_USAGE = YES_ERROR;
				CLANG_WARN_DOCUMENTATION_COMMENTS = YES;
				CLANG_WARN_EMPTY_BODY = YES;
				CLANG_WARN_ENUM_CONVERSION = YES;
				CLANG_WARN_INFINITE_RECURSION = YES;
				CLANG_WARN_INT_CONVERSION = YES;
				CLANG_WARN_NON_LITERAL_NULL_CONVERSION = YES;
				CLANG_WARN_OBJC_IMPLICIT_RETAIN_SELF = YES;
				CLANG_WARN_OBJC_LITERAL_CONVERSION = YES;
				CLANG_WARN_OBJC_ROOT_CLASS = YES_ERROR;
				CLANG_WARN_RANGE_LOOP_ANALYSIS = YES;
				CLANG_WARN_STRICT_PROTOTYPES = YES;
				CLANG_WARN_SUSPICIOUS_MOVE = YES;
				CLANG_WARN_UNGUARDED_AVAILABILITY = YES_AGGRESSIVE;
				CLANG_WARN_UNREACHABLE_CODE = YES;
				CLANG_WARN__DUPLICATE_METHOD_MATCH = YES;
				CODE_SIGN_IDENTITY = "iPhone Developer";
				COPY_PHASE_STRIP = NO;
				DEBUG_INFORMATION_FORMAT = dwarf;
				ENABLE_STRICT_OBJC_MSGSEND = YES;
				ENABLE_TESTABILITY = YES;
				GCC_C_LANGUAGE_STANDARD = gnu11;
				GCC_DYNAMIC_NO_PIC = NO;
				GCC_NO_COMMON_BLOCKS = YES;
				GCC_OPTIMIZATION_LEVEL = 0;
				GCC_PREPROCESSOR_DEFINITIONS = (
					"DEBUG=1",
					"$(inherited)",
				);
				GCC_WARN_64_TO_32_BIT_CONVERSION = YES;
				GCC_WARN_ABOUT_RETURN_TYPE = YES_ERROR;
				GCC_WARN_UNDECLARED_SELECTOR = YES;
				GCC_WARN_UNINITIALIZED_AUTOS = YES_AGGRESSIVE;
				GCC_WARN_UNUSED_FUNCTION = YES;
				GCC_WARN_UNUSED_VARIABLE = YES;
				IPHONEOS_DEPLOYMENT_TARGET = 12.0;
				MTL_ENABLE_DEBUG_INFO = INCLUDE_SOURCE;
				MTL_FAST_MATH = YES;
				ONLY_ACTIVE_ARCH = YES;
				SDKROOT = iphoneos;
				SWIFT_ACTIVE_COMPILATION_CONDITIONS = DEBUG;
				SWIFT_OPTIMIZATION_LEVEL = "-Onone";
			};
			name = Debug;
		};
		47F09BA521860290009FB46E /* Release */ = {
			isa = XCBuildConfiguration;
			buildSettings = {
				ALWAYS_SEARCH_USER_PATHS = NO;
				CLANG_ANALYZER_NONNULL = YES;
				CLANG_ANALYZER_NUMBER_OBJECT_CONVERSION = YES_AGGRESSIVE;
				CLANG_CXX_LANGUAGE_STANDARD = "gnu++14";
				CLANG_CXX_LIBRARY = "libc++";
				CLANG_ENABLE_MODULES = YES;
				CLANG_ENABLE_OBJC_ARC = YES;
				CLANG_ENABLE_OBJC_WEAK = YES;
				CLANG_WARN_BLOCK_CAPTURE_AUTORELEASING = YES;
				CLANG_WARN_BOOL_CONVERSION = YES;
				CLANG_WARN_COMMA = YES;
				CLANG_WARN_CONSTANT_CONVERSION = YES;
				CLANG_WARN_DEPRECATED_OBJC_IMPLEMENTATIONS = YES;
				CLANG_WARN_DIRECT_OBJC_ISA_USAGE = YES_ERROR;
				CLANG_WARN_DOCUMENTATION_COMMENTS = YES;
				CLANG_WARN_EMPTY_BODY = YES;
				CLANG_WARN_ENUM_CONVERSION = YES;
				CLANG_WARN_INFINITE_RECURSION = YES;
				CLANG_WARN_INT_CONVERSION = YES;
				CLANG_WARN_NON_LITERAL_NULL_CONVERSION = YES;
				CLANG_WARN_OBJC_IMPLICIT_RETAIN_SELF = YES;
				CLANG_WARN_OBJC_LITERAL_CONVERSION = YES;
				CLANG_WARN_OBJC_ROOT_CLASS = YES_ERROR;
				CLANG_WARN_RANGE_LOOP_ANALYSIS = YES;
				CLANG_WARN_STRICT_PROTOTYPES = YES;
				CLANG_WARN_SUSPICIOUS_MOVE = YES;
				CLANG_WARN_UNGUARDED_AVAILABILITY = YES_AGGRESSIVE;
				CLANG_WARN_UNREACHABLE_CODE = YES;
				CLANG_WARN__DUPLICATE_METHOD_MATCH = YES;
				CODE_SIGN_IDENTITY = "iPhone Developer";
				COPY_PHASE_STRIP = NO;
				DEBUG_INFORMATION_FORMAT = "dwarf-with-dsym";
				ENABLE_NS_ASSERTIONS = NO;
				ENABLE_STRICT_OBJC_MSGSEND = YES;
				GCC_C_LANGUAGE_STANDARD = gnu11;
				GCC_NO_COMMON_BLOCKS = YES;
				GCC_WARN_64_TO_32_BIT_CONVERSION = YES;
				GCC_WARN_ABOUT_RETURN_TYPE = YES_ERROR;
				GCC_WARN_UNDECLARED_SELECTOR = YES;
				GCC_WARN_UNINITIALIZED_AUTOS = YES_AGGRESSIVE;
				GCC_WARN_UNUSED_FUNCTION = YES;
				GCC_WARN_UNUSED_VARIABLE = YES;
				IPHONEOS_DEPLOYMENT_TARGET = 12.0;
				MTL_ENABLE_DEBUG_INFO = NO;
				MTL_FAST_MATH = YES;
				SDKROOT = iphoneos;
				SWIFT_COMPILATION_MODE = wholemodule;
				SWIFT_OPTIMIZATION_LEVEL = "-O";
				VALIDATE_PRODUCT = YES;
			};
			name = Release;
		};
		47F09BA721860290009FB46E /* Debug */ = {
			isa = XCBuildConfiguration;
			baseConfigurationReference = CAF6DA30D5EAC3BD9F12B89E /* Pods-WeiChat.debug.xcconfig */;
			buildSettings = {
				ASSETCATALOG_COMPILER_APPICON_NAME = AppIcon;
				CODE_SIGN_STYLE = Automatic;
				INFOPLIST_FILE = WeiChat/Info.plist;
				LD_RUNPATH_SEARCH_PATHS = (
					"$(inherited)",
					"@executable_path/Frameworks",
				);
				PRODUCT_BUNDLE_IDENTIFIER = cn.liuming.WeiChat;
				PRODUCT_NAME = "$(TARGET_NAME)";
				SWIFT_VERSION = 4.2;
				TARGETED_DEVICE_FAMILY = "1,2";
			};
			name = Debug;
		};
		47F09BA821860290009FB46E /* Release */ = {
			isa = XCBuildConfiguration;
			baseConfigurationReference = 655DCCF20F6E73CF3B9AA3B6 /* Pods-WeiChat.release.xcconfig */;
			buildSettings = {
				ASSETCATALOG_COMPILER_APPICON_NAME = AppIcon;
				CODE_SIGN_STYLE = Automatic;
				INFOPLIST_FILE = WeiChat/Info.plist;
				LD_RUNPATH_SEARCH_PATHS = (
					"$(inherited)",
					"@executable_path/Frameworks",
				);
				PRODUCT_BUNDLE_IDENTIFIER = cn.liuming.WeiChat;
				PRODUCT_NAME = "$(TARGET_NAME)";
				SWIFT_VERSION = 4.2;
				TARGETED_DEVICE_FAMILY = "1,2";
			};
			name = Release;
		};
/* End XCBuildConfiguration section */

/* Begin XCConfigurationList section */
		47F09B8F2186028F009FB46E /* Build configuration list for PBXProject "WeiChat" */ = {
			isa = XCConfigurationList;
			buildConfigurations = (
				47F09BA421860290009FB46E /* Debug */,
				47F09BA521860290009FB46E /* Release */,
			);
			defaultConfigurationIsVisible = 0;
			defaultConfigurationName = Release;
		};
		47F09BA621860290009FB46E /* Build configuration list for PBXNativeTarget "WeiChat" */ = {
			isa = XCConfigurationList;
			buildConfigurations = (
				47F09BA721860290009FB46E /* Debug */,
				47F09BA821860290009FB46E /* Release */,
			);
			defaultConfigurationIsVisible = 0;
			defaultConfigurationName = Release;
		};
/* End XCConfigurationList section */
	};
	rootObject = 47F09B8C2186028F009FB46E /* Project object */;
}
